
Microsoft Visual Studio Solution File, Format Version 12.00
# Visual Studio Version 16
VisualStudioVersion = 16.0.29728.190
MinimumVisualStudioVersion = 10.0.40219.1
Project("{9A19103F-16F7-4668-BE54-9A1E7A4F7556}") = "FnsOpenApi.Tests", "FnsOpenApi.Tests\FnsOpenApi.Tests.csproj", "{08874049-77FE-476F-B83C-39DB300C165E}"
EndProject
Project("{9A19103F-16F7-4668-BE54-9A1E7A4F7556}") = "FnsOpenApi.Client", "FnsOpenApi.Client\FnsOpenApi.Client.csproj", "{F36D9883-77DD-462D-A90A-23A8A5AB70C5}"
EndProject
Global
	GlobalSection(SolutionConfigurationPlatforms) = preSolution
		Debug|Any CPU = Debug|Any CPU
		Release|Any CPU = Release|Any CPU
	EndGlobalSection
	GlobalSection(ProjectConfigurationPlatforms) = postSolution
		{08874049-77FE-476F-B83C-39DB300C165E}.Debug|Any CPU.ActiveCfg = Debug|Any CPU
		{08874049-77FE-476F-B83C-39DB300C165E}.Debug|Any CPU.Build.0 = Debug|Any CPU
		{08874049-77FE-476F-B83C-39DB300C165E}.Release|Any CPU.ActiveCfg = Release|Any CPU
		{08874049-77FE-476F-B83C-39DB300C165E}.Release|Any CPU.Build.0 = Release|Any CPU
		{F36D9883-77DD-462D-A90A-23A8A5AB70C5}.Debug|Any CPU.ActiveCfg = Debug|Any CPU
		{F36D9883-77DD-462D-A90A-23A8A5AB70C5}.Debug|Any CPU.Build.0 = Debug|Any CPU
		{F36D9883-77DD-462D-A90A-23A8A5AB70C5}.Release|Any CPU.ActiveCfg = Release|Any CPU
		{F36D9883-77DD-462D-A90A-23A8A5AB70C5}.Release|Any CPU.Build.0 = Release|Any CPU
	EndGlobalSection
	GlobalSection(SolutionProperties) = preSolution
		HideSolutionNode = FALSE
	EndGlobalSection
	GlobalSection(ExtensibilityGlobals) = postSolution
		SolutionGuid = {418EAAC3-3B8C-429F-8DA5-B1BDB2467DF6}
	EndGlobalSection
EndGlobal
